
Microsoft Visual Studio Solution File, Format Version 12.00
# Visual Studio Version 17
VisualStudioVersion = 17.4.33205.214
MinimumVisualStudioVersion = 10.0.40219.1
Project("{FAE04EC0-301F-11D3-BF4B-00C04F79EFBC}") = "GameHub", "GameHub\GameHub.csproj", "{5B7AE624-4D09-447A-B81E-3BFF69D68DDA}"
EndProject
Global
	GlobalSection(SolutionConfigurationPlatforms) = preSolution
		Debug|Any CPU = Debug|Any CPU
		Release|Any CPU = Release|Any CPU
	EndGlobalSection
	GlobalSection(ProjectConfigurationPlatforms) = postSolution
		{5B7AE624-4D09-447A-B81E-3BFF69D68DDA}.Debug|Any CPU.ActiveCfg = Debug|Any CPU
		{5B7AE624-4D09-447A-B81E-3BFF69D68DDA}.Debug|Any CPU.Build.0 = Debug|Any CPU
		{5B7AE624-4D09-447A-B81E-3BFF69D68DDA}.Release|Any CPU.ActiveCfg = Release|Any CPU
		{5B7AE624-4D09-447A-B81E-3BFF69D68DDA}.Release|Any CPU.Build.0 = Release|Any CPU
	EndGlobalSection
	GlobalSection(SolutionProperties) = preSolution
		HideSolutionNode = FALSE
	EndGlobalSection
	GlobalSection(ExtensibilityGlobals) = postSolution
		SolutionGuid = {3713621F-55F2-470B-8049-079161C2ECC4}
	EndGlobalSection
EndGlobal
